
Microsoft Visual Studio Solution File, Format Version 12.00
# Visual Studio Version 17
VisualStudioVersion = 17.1.32319.34
MinimumVisualStudioVersion = 10.0.40219.1
Project("{FAE04EC0-301F-11D3-BF4B-00C04F79EFBC}") = "Laboratorio 1", "Laboratorio 1\Laboratorio 1.csproj", "{1BC0453A-B9C1-41BB-9F85-C792340119CF}"
EndProject
Global
	GlobalSection(SolutionConfigurationPlatforms) = preSolution
		Debug|Any CPU = Debug|Any CPU
		Release|Any CPU = Release|Any CPU
	EndGlobalSection
	GlobalSection(ProjectConfigurationPlatforms) = postSolution
		{1BC0453A-B9C1-41BB-9F85-C792340119CF}.Debug|Any CPU.ActiveCfg = Debug|Any CPU
		{1BC0453A-B9C1-41BB-9F85-C792340119CF}.Debug|Any CPU.Build.0 = Debug|Any CPU
		{1BC0453A-B9C1-41BB-9F85-C792340119CF}.Release|Any CPU.ActiveCfg = Release|Any CPU
		{1BC0453A-B9C1-41BB-9F85-C792340119CF}.Release|Any CPU.Build.0 = Release|Any CPU
	EndGlobalSection
	GlobalSection(SolutionProperties) = preSolution
		HideSolutionNode = FALSE
	EndGlobalSection
	GlobalSection(ExtensibilityGlobals) = postSolution
		SolutionGuid = {18876AD0-FCC8-40A1-87CC-B34AF116A45A}
	EndGlobalSection
EndGlobal
